// !$*UTF8*$!
{
	archiveVersion = 1;
	classes = {
	};
	objectVersion = 54;
	objects = {

/* Begin PBXBuildFile section */
		00E356F31AD99517003FC87E /* CalmSerenityTests.m in Sources */ = {isa = PBXBuildFile; fileRef = 00E356F21AD99517003FC87E /* CalmSerenityTests.m */; };
		0C80B921A6F3F58F76C31292 /* libPods-CalmSerenity.a in Frameworks */ = {isa = PBXBuildFile; fileRef = 5DCACB8F33CDC322A6C60F78 /* libPods-CalmSerenity.a */; };
		13B07FBC1A68108700A75B9A /* AppDelegate.mm in Sources */ = {isa = PBXBuildFile; fileRef = 13B07FB01A68108700A75B9A /* AppDelegate.mm */; };
		13B07FBF1A68108700A75B9A /* Images.xcassets in Resources */ = {isa = PBXBuildFile; fileRef = 13B07FB51A68108700A75B9A /* Images.xcassets */; };
		13B07FC11A68108700A75B9A /* main.m in Sources */ = {isa = PBXBuildFile; fileRef = 13B07FB71A68108700A75B9A /* main.m */; };
		6F1133912277C9BAC06A340B /* PrivacyInfo.xcprivacy in Resources */ = {isa = PBXBuildFile; fileRef = 1BA905B94A51CD1EB07E64BE /* PrivacyInfo.xcprivacy */; };
		7699B88040F8A987B510C191 /* libPods-CalmSerenity-CalmSerenityTests.a in Frameworks */ = {isa = PBXBuildFile; fileRef = 19F6CBCC0A4E27FBF8BF4A61 /* libPods-CalmSerenity-CalmSerenityTests.a */; };
		81AB9BB82411601600AC10FF /* LaunchScreen.storyboard in Resources */ = {isa = PBXBuildFile; fileRef = 81AB9BB72411601600AC10FF /* LaunchScreen.storyboard */; };
		0F825E1C3D04474AB0AAB285 /* AlegreyaSansBlack.ttf in Resources */ = {isa = PBXBuildFile; fileRef = CC05F1A935BA4FF18ABE888B /* AlegreyaSansBlack.ttf */; };
		E8C535436B044595BD7B3C8B /* AlegreyaSansBlackItalic.ttf in Resources */ = {isa = PBXBuildFile; fileRef = 8DAFF9DC2A974A2398B906E8 /* AlegreyaSansBlackItalic.ttf */; };
		C2640405B26241BFB6878449 /* AlegreyaSansBold.ttf in Resources */ = {isa = PBXBuildFile; fileRef = 24D4FD4AD4B74D0B877671A2 /* AlegreyaSansBold.ttf */; };
		DCEE1CE708A1405EB190E0A2 /* AlegreyaSansBoldItalic.ttf in Resources */ = {isa = PBXBuildFile; fileRef = 0B33E4B1A7C64C4199375738 /* AlegreyaSansBoldItalic.ttf */; };
		C9695D69F2B2453B81E4A1FA /* AlegreyaSansExtraBold.ttf in Resources */ = {isa = PBXBuildFile; fileRef = B08BE42B7A824D02A6D8C399 /* AlegreyaSansExtraBold.ttf */; };
		D34C512F9D5D430DA90157C3 /* AlegreyaSansExtraBoldItalic.ttf in Resources */ = {isa = PBXBuildFile; fileRef = 6680158EA59046F48EFBD41D /* AlegreyaSansExtraBoldItalic.ttf */; };
		A086C2C827424101B6B065E8 /* AlegreyaSansItalic.ttf in Resources */ = {isa = PBXBuildFile; fileRef = 7EC46B723DCF499AA12DF429 /* AlegreyaSansItalic.ttf */; };
		6B14CB6296D74D5BB7185248 /* AlegreyaSansLight.ttf in Resources */ = {isa = PBXBuildFile; fileRef = CEEBAD1EC22B4564AB8E8684 /* AlegreyaSansLight.ttf */; };
		A4B0B7DBD23C46A1BF3E2CBE /* AlegreyaSansLightItalic.ttf in Resources */ = {isa = PBXBuildFile; fileRef = 3E0DDBB4793B4CC2A3974A90 /* AlegreyaSansLightItalic.ttf */; };
		F0CAE6C0583448DD966BD441 /* AlegreyaSansMedium.ttf in Resources */ = {isa = PBXBuildFile; fileRef = A82995C862F64CC3B1B4BF41 /* AlegreyaSansMedium.ttf */; };
		55B4282DD9164FD799E4E632 /* AlegreyaSansMediumItalic.ttf in Resources */ = {isa = PBXBuildFile; fileRef = 5EFB62518278496894F603EF /* AlegreyaSansMediumItalic.ttf */; };
		B6E2AF04644D45E4B562392A /* AlegreyaSansRegular.ttf in Resources */ = {isa = PBXBuildFile; fileRef = 2D750DEC7E064A1AA03E6F0D /* AlegreyaSansRegular.ttf */; };
		404F2745903E4DF88F31CD55 /* AlegreyaSansThin.ttf in Resources */ = {isa = PBXBuildFile; fileRef = E8035AEF47D141DB9FF79D63 /* AlegreyaSansThin.ttf */; };
		102FD0B07EEF411EBDEAA6A5 /* AlegreyaSansThinItalic.ttf in Resources */ = {isa = PBXBuildFile; fileRef = 035EE0EEA4014A619F0564F7 /* AlegreyaSansThinItalic.ttf */; };
		2E66D4D7C5B7410FB5030AD6 /* AlegreyaBlack.ttf in Resources */ = {isa = PBXBuildFile; fileRef = 77B5FC66CAED49CE8B03234C /* AlegreyaBlack.ttf */; };
		C4B9D5700C934B0198A6446C /* AlegreyaBlackItalic.ttf in Resources */ = {isa = PBXBuildFile; fileRef = 8006493C67454E98AC017A8C /* AlegreyaBlackItalic.ttf */; };
		5AA92B7D8BEF4FD5B70D7A63 /* AlegreyaBold.ttf in Resources */ = {isa = PBXBuildFile; fileRef = 689998B0FC5645D19D50AF1B /* AlegreyaBold.ttf */; };
		15E3C0A0AB804B2090075A1B /* AlegreyaBoldItalic.ttf in Resources */ = {isa = PBXBuildFile; fileRef = 0A760D7D5DFF41DF96B9AF2A /* AlegreyaBoldItalic.ttf */; };
		EC85FEB62E874C6EB6E36528 /* AlegreyaExtraBold.ttf in Resources */ = {isa = PBXBuildFile; fileRef = 731D3A2227E644319247CCAB /* AlegreyaExtraBold.ttf */; };
		007026A6A1FA481CA4261AA0 /* AlegreyaExtraBoldItalic.ttf in Resources */ = {isa = PBXBuildFile; fileRef = 9B64401E23ED47628EEF48B3 /* AlegreyaExtraBoldItalic.ttf */; };
		2E2F91E315EC4A49A3C9F19C /* AlegreyaItalic.ttf in Resources */ = {isa = PBXBuildFile; fileRef = 5B229BD6EDB84AF199A64FD2 /* AlegreyaItalic.ttf */; };
		8202B23B63AC45F38FF47AA9 /* AlegreyaMedium.ttf in Resources */ = {isa = PBXBuildFile; fileRef = 4FB9A65FAB2C4DEE9BDD8BAE /* AlegreyaMedium.ttf */; };
		11E484998E60489C811D8040 /* AlegreyaMediumItalic.ttf in Resources */ = {isa = PBXBuildFile; fileRef = F5E55A42104545F1BD7174D8 /* AlegreyaMediumItalic.ttf */; };
		AE3C8C6516E945B18D9C3685 /* AlegreyaRegular.ttf in Resources */ = {isa = PBXBuildFile; fileRef = FD77C0AA4A314FDFA630B88C /* AlegreyaRegular.ttf */; };
		1026D7A4E8814303993862F5 /* AlegreyaSemiBold.ttf in Resources */ = {isa = PBXBuildFile; fileRef = 438101AD5D2E4D3B9AFAA6F7 /* AlegreyaSemiBold.ttf */; };
		48F59274E51E460BA00828E3 /* AlegreyaSemiBoldItalic.ttf in Resources */ = {isa = PBXBuildFile; fileRef = 6CD00AFD129B4FB2B4C4E0B1 /* AlegreyaSemiBoldItalic.ttf */; };
/* End PBXBuildFile section */

/* Begin PBXContainerItemProxy section */
		00E356F41AD99517003FC87E /* PBXContainerItemProxy */ = {
			isa = PBXContainerItemProxy;
			containerPortal = 83CBB9F71A601CBA00E9B192 /* Project object */;
			proxyType = 1;
			remoteGlobalIDString = 13B07F861A680F5B00A75B9A;
			remoteInfo = CalmSerenity;
		};
/* End PBXContainerItemProxy section */

/* Begin PBXFileReference section */
		00E356EE1AD99517003FC87E /* CalmSerenityTests.xctest */ = {isa = PBXFileReference; explicitFileType = wrapper.cfbundle; includeInIndex = 0; path = CalmSerenityTests.xctest; sourceTree = BUILT_PRODUCTS_DIR; };
		00E356F11AD99517003FC87E /* Info.plist */ = {isa = PBXFileReference; lastKnownFileType = text.plist.xml; path = Info.plist; sourceTree = "<group>"; };
		00E356F21AD99517003FC87E /* CalmSerenityTests.m */ = {isa = PBXFileReference; lastKnownFileType = sourcecode.c.objc; path = CalmSerenityTests.m; sourceTree = "<group>"; };
		13B07F961A680F5B00A75B9A /* CalmSerenity.app */ = {isa = PBXFileReference; explicitFileType = wrapper.application; includeInIndex = 0; path = CalmSerenity.app; sourceTree = BUILT_PRODUCTS_DIR; };
		13B07FAF1A68108700A75B9A /* AppDelegate.h */ = {isa = PBXFileReference; fileEncoding = 4; lastKnownFileType = sourcecode.c.h; name = AppDelegate.h; path = CalmSerenity/AppDelegate.h; sourceTree = "<group>"; };
		13B07FB01A68108700A75B9A /* AppDelegate.mm */ = {isa = PBXFileReference; fileEncoding = 4; lastKnownFileType = sourcecode.cpp.objcpp; name = AppDelegate.mm; path = CalmSerenity/AppDelegate.mm; sourceTree = "<group>"; };
		13B07FB51A68108700A75B9A /* Images.xcassets */ = {isa = PBXFileReference; lastKnownFileType = folder.assetcatalog; name = Images.xcassets; path = CalmSerenity/Images.xcassets; sourceTree = "<group>"; };
		13B07FB61A68108700A75B9A /* Info.plist */ = {isa = PBXFileReference; fileEncoding = 4; lastKnownFileType = text.plist.xml; name = Info.plist; path = CalmSerenity/Info.plist; sourceTree = "<group>"; };
		13B07FB71A68108700A75B9A /* main.m */ = {isa = PBXFileReference; fileEncoding = 4; lastKnownFileType = sourcecode.c.objc; name = main.m; path = CalmSerenity/main.m; sourceTree = "<group>"; };
		13B07FB81A68108700A75B9A /* PrivacyInfo.xcprivacy */ = {isa = PBXFileReference; fileEncoding = 4; lastKnownFileType = text.plist.xml; name = PrivacyInfo.xcprivacy; path = CalmSerenity/PrivacyInfo.xcprivacy; sourceTree = "<group>"; };
		19F6CBCC0A4E27FBF8BF4A61 /* libPods-CalmSerenity-CalmSerenityTests.a */ = {isa = PBXFileReference; explicitFileType = archive.ar; includeInIndex = 0; path = "libPods-CalmSerenity-CalmSerenityTests.a"; sourceTree = BUILT_PRODUCTS_DIR; };
		1BA905B94A51CD1EB07E64BE /* PrivacyInfo.xcprivacy */ = {isa = PBXFileReference; includeInIndex = 1; name = PrivacyInfo.xcprivacy; path = CalmSerenity/PrivacyInfo.xcprivacy; sourceTree = "<group>"; };
		3B4392A12AC88292D35C810B /* Pods-CalmSerenity.debug.xcconfig */ = {isa = PBXFileReference; includeInIndex = 1; lastKnownFileType = text.xcconfig; name = "Pods-CalmSerenity.debug.xcconfig"; path = "Target Support Files/Pods-CalmSerenity/Pods-CalmSerenity.debug.xcconfig"; sourceTree = "<group>"; };
		5709B34CF0A7D63546082F79 /* Pods-CalmSerenity.release.xcconfig */ = {isa = PBXFileReference; includeInIndex = 1; lastKnownFileType = text.xcconfig; name = "Pods-CalmSerenity.release.xcconfig"; path = "Target Support Files/Pods-CalmSerenity/Pods-CalmSerenity.release.xcconfig"; sourceTree = "<group>"; };
		5B7EB9410499542E8C5724F5 /* Pods-CalmSerenity-CalmSerenityTests.debug.xcconfig */ = {isa = PBXFileReference; includeInIndex = 1; lastKnownFileType = text.xcconfig; name = "Pods-CalmSerenity-CalmSerenityTests.debug.xcconfig"; path = "Target Support Files/Pods-CalmSerenity-CalmSerenityTests/Pods-CalmSerenity-CalmSerenityTests.debug.xcconfig"; sourceTree = "<group>"; };
		5DCACB8F33CDC322A6C60F78 /* libPods-CalmSerenity.a */ = {isa = PBXFileReference; explicitFileType = archive.ar; includeInIndex = 0; path = "libPods-CalmSerenity.a"; sourceTree = BUILT_PRODUCTS_DIR; };
		81AB9BB72411601600AC10FF /* LaunchScreen.storyboard */ = {isa = PBXFileReference; fileEncoding = 4; lastKnownFileType = file.storyboard; name = LaunchScreen.storyboard; path = CalmSerenity/LaunchScreen.storyboard; sourceTree = "<group>"; };
		89C6BE57DB24E9ADA2F236DE /* Pods-CalmSerenity-CalmSerenityTests.release.xcconfig */ = {isa = PBXFileReference; includeInIndex = 1; lastKnownFileType = text.xcconfig; name = "Pods-CalmSerenity-CalmSerenityTests.release.xcconfig"; path = "Target Support Files/Pods-CalmSerenity-CalmSerenityTests/Pods-CalmSerenity-CalmSerenityTests.release.xcconfig"; sourceTree = "<group>"; };
		ED297162215061F000B7C4FE /* JavaScriptCore.framework */ = {isa = PBXFileReference; lastKnownFileType = wrapper.framework; name = JavaScriptCore.framework; path = System/Library/Frameworks/JavaScriptCore.framework; sourceTree = SDKROOT; };
		CC05F1A935BA4FF18ABE888B /* AlegreyaSansBlack.ttf */ = {isa = PBXFileReference; name = "AlegreyaSansBlack.ttf"; path = "../src/assets/fonts/AlegreyaSansBlack.ttf"; sourceTree = "<group>"; fileEncoding = undefined; lastKnownFileType = unknown; explicitFileType = undefined; includeInIndex = 0; };
		8DAFF9DC2A974A2398B906E8 /* AlegreyaSansBlackItalic.ttf */ = {isa = PBXFileReference; name = "AlegreyaSansBlackItalic.ttf"; path = "../src/assets/fonts/AlegreyaSansBlackItalic.ttf"; sourceTree = "<group>"; fileEncoding = undefined; lastKnownFileType = unknown; explicitFileType = undefined; includeInIndex = 0; };
		24D4FD4AD4B74D0B877671A2 /* AlegreyaSansBold.ttf */ = {isa = PBXFileReference; name = "AlegreyaSansBold.ttf"; path = "../src/assets/fonts/AlegreyaSansBold.ttf"; sourceTree = "<group>"; fileEncoding = undefined; lastKnownFileType = unknown; explicitFileType = undefined; includeInIndex = 0; };
		0B33E4B1A7C64C4199375738 /* AlegreyaSansBoldItalic.ttf */ = {isa = PBXFileReference; name = "AlegreyaSansBoldItalic.ttf"; path = "../src/assets/fonts/AlegreyaSansBoldItalic.ttf"; sourceTree = "<group>"; fileEncoding = undefined; lastKnownFileType = unknown; explicitFileType = undefined; includeInIndex = 0; };
		B08BE42B7A824D02A6D8C399 /* AlegreyaSansExtraBold.ttf */ = {isa = PBXFileReference; name = "AlegreyaSansExtraBold.ttf"; path = "../src/assets/fonts/AlegreyaSansExtraBold.ttf"; sourceTree = "<group>"; fileEncoding = undefined; lastKnownFileType = unknown; explicitFileType = undefined; includeInIndex = 0; };
		6680158EA59046F48EFBD41D /* AlegreyaSansExtraBoldItalic.ttf */ = {isa = PBXFileReference; name = "AlegreyaSansExtraBoldItalic.ttf"; path = "../src/assets/fonts/AlegreyaSansExtraBoldItalic.ttf"; sourceTree = "<group>"; fileEncoding = undefined; lastKnownFileType = unknown; explicitFileType = undefined; includeInIndex = 0; };
		7EC46B723DCF499AA12DF429 /* AlegreyaSansItalic.ttf */ = {isa = PBXFileReference; name = "AlegreyaSansItalic.ttf"; path = "../src/assets/fonts/AlegreyaSansItalic.ttf"; sourceTree = "<group>"; fileEncoding = undefined; lastKnownFileType = unknown; explicitFileType = undefined; includeInIndex = 0; };
		CEEBAD1EC22B4564AB8E8684 /* AlegreyaSansLight.ttf */ = {isa = PBXFileReference; name = "AlegreyaSansLight.ttf"; path = "../src/assets/fonts/AlegreyaSansLight.ttf"; sourceTree = "<group>"; fileEncoding = undefined; lastKnownFileType = unknown; explicitFileType = undefined; includeInIndex = 0; };
		3E0DDBB4793B4CC2A3974A90 /* AlegreyaSansLightItalic.ttf */ = {isa = PBXFileReference; name = "AlegreyaSansLightItalic.ttf"; path = "../src/assets/fonts/AlegreyaSansLightItalic.ttf"; sourceTree = "<group>"; fileEncoding = undefined; lastKnownFileType = unknown; explicitFileType = undefined; includeInIndex = 0; };
		A82995C862F64CC3B1B4BF41 /* AlegreyaSansMedium.ttf */ = {isa = PBXFileReference; name = "AlegreyaSansMedium.ttf"; path = "../src/assets/fonts/AlegreyaSansMedium.ttf"; sourceTree = "<group>"; fileEncoding = undefined; lastKnownFileType = unknown; explicitFileType = undefined; includeInIndex = 0; };
		5EFB62518278496894F603EF /* AlegreyaSansMediumItalic.ttf */ = {isa = PBXFileReference; name = "AlegreyaSansMediumItalic.ttf"; path = "../src/assets/fonts/AlegreyaSansMediumItalic.ttf"; sourceTree = "<group>"; fileEncoding = undefined; lastKnownFileType = unknown; explicitFileType = undefined; includeInIndex = 0; };
		2D750DEC7E064A1AA03E6F0D /* AlegreyaSansRegular.ttf */ = {isa = PBXFileReference; name = "AlegreyaSansRegular.ttf"; path = "../src/assets/fonts/AlegreyaSansRegular.ttf"; sourceTree = "<group>"; fileEncoding = undefined; lastKnownFileType = unknown; explicitFileType = undefined; includeInIndex = 0; };
		E8035AEF47D141DB9FF79D63 /* AlegreyaSansThin.ttf */ = {isa = PBXFileReference; name = "AlegreyaSansThin.ttf"; path = "../src/assets/fonts/AlegreyaSansThin.ttf"; sourceTree = "<group>"; fileEncoding = undefined; lastKnownFileType = unknown; explicitFileType = undefined; includeInIndex = 0; };
		035EE0EEA4014A619F0564F7 /* AlegreyaSansThinItalic.ttf */ = {isa = PBXFileReference; name = "AlegreyaSansThinItalic.ttf"; path = "../src/assets/fonts/AlegreyaSansThinItalic.ttf"; sourceTree = "<group>"; fileEncoding = undefined; lastKnownFileType = unknown; explicitFileType = undefined; includeInIndex = 0; };
		77B5FC66CAED49CE8B03234C /* AlegreyaBlack.ttf */ = {isa = PBXFileReference; name = "AlegreyaBlack.ttf"; path = "../src/assets/fonts/AlegreyaBlack.ttf"; sourceTree = "<group>"; fileEncoding = undefined; lastKnownFileType = unknown; explicitFileType = undefined; includeInIndex = 0; };
		8006493C67454E98AC017A8C /* AlegreyaBlackItalic.ttf */ = {isa = PBXFileReference; name = "AlegreyaBlackItalic.ttf"; path = "../src/assets/fonts/AlegreyaBlackItalic.ttf"; sourceTree = "<group>"; fileEncoding = undefined; lastKnownFileType = unknown; explicitFileType = undefined; includeInIndex = 0; };
		689998B0FC5645D19D50AF1B /* AlegreyaBold.ttf */ = {isa = PBXFileReference; name = "AlegreyaBold.ttf"; path = "../src/assets/fonts/AlegreyaBold.ttf"; sourceTree = "<group>"; fileEncoding = undefined; lastKnownFileType = unknown; explicitFileType = undefined; includeInIndex = 0; };
		0A760D7D5DFF41DF96B9AF2A /* AlegreyaBoldItalic.ttf */ = {isa = PBXFileReference; name = "AlegreyaBoldItalic.ttf"; path = "../src/assets/fonts/AlegreyaBoldItalic.ttf"; sourceTree = "<group>"; fileEncoding = undefined; lastKnownFileType = unknown; explicitFileType = undefined; includeInIndex = 0; };
		731D3A2227E644319247CCAB /* AlegreyaExtraBold.ttf */ = {isa = PBXFileReference; name = "AlegreyaExtraBold.ttf"; path = "../src/assets/fonts/AlegreyaExtraBold.ttf"; sourceTree = "<group>"; fileEncoding = undefined; lastKnownFileType = unknown; explicitFileType = undefined; includeInIndex = 0; };
		9B64401E23ED47628EEF48B3 /* AlegreyaExtraBoldItalic.ttf */ = {isa = PBXFileReference; name = "AlegreyaExtraBoldItalic.ttf"; path = "../src/assets/fonts/AlegreyaExtraBoldItalic.ttf"; sourceTree = "<group>"; fileEncoding = undefined; lastKnownFileType = unknown; explicitFileType = undefined; includeInIndex = 0; };
		5B229BD6EDB84AF199A64FD2 /* AlegreyaItalic.ttf */ = {isa = PBXFileReference; name = "AlegreyaItalic.ttf"; path = "../src/assets/fonts/AlegreyaItalic.ttf"; sourceTree = "<group>"; fileEncoding = undefined; lastKnownFileType = unknown; explicitFileType = undefined; includeInIndex = 0; };
		4FB9A65FAB2C4DEE9BDD8BAE /* AlegreyaMedium.ttf */ = {isa = PBXFileReference; name = "AlegreyaMedium.ttf"; path = "../src/assets/fonts/AlegreyaMedium.ttf"; sourceTree = "<group>"; fileEncoding = undefined; lastKnownFileType = unknown; explicitFileType = undefined; includeInIndex = 0; };
		F5E55A42104545F1BD7174D8 /* AlegreyaMediumItalic.ttf */ = {isa = PBXFileReference; name = "AlegreyaMediumItalic.ttf"; path = "../src/assets/fonts/AlegreyaMediumItalic.ttf"; sourceTree = "<group>"; fileEncoding = undefined; lastKnownFileType = unknown; explicitFileType = undefined; includeInIndex = 0; };
		FD77C0AA4A314FDFA630B88C /* AlegreyaRegular.ttf */ = {isa = PBXFileReference; name = "AlegreyaRegular.ttf"; path = "../src/assets/fonts/AlegreyaRegular.ttf"; sourceTree = "<group>"; fileEncoding = undefined; lastKnownFileType = unknown; explicitFileType = undefined; includeInIndex = 0; };
		438101AD5D2E4D3B9AFAA6F7 /* AlegreyaSemiBold.ttf */ = {isa = PBXFileReference; name = "AlegreyaSemiBold.ttf"; path = "../src/assets/fonts/AlegreyaSemiBold.ttf"; sourceTree = "<group>"; fileEncoding = undefined; lastKnownFileType = unknown; explicitFileType = undefined; includeInIndex = 0; };
		6CD00AFD129B4FB2B4C4E0B1 /* AlegreyaSemiBoldItalic.ttf */ = {isa = PBXFileReference; name = "AlegreyaSemiBoldItalic.ttf"; path = "../src/assets/fonts/AlegreyaSemiBoldItalic.ttf"; sourceTree = "<group>"; fileEncoding = undefined; lastKnownFileType = unknown; explicitFileType = undefined; includeInIndex = 0; };
/* End PBXFileReference section */

/* Begin PBXFrameworksBuildPhase section */
		00E356EB1AD99517003FC87E /* Frameworks */ = {
			isa = PBXFrameworksBuildPhase;
			buildActionMask = 2147483647;
			files = (
				7699B88040F8A987B510C191 /* libPods-CalmSerenity-CalmSerenityTests.a in Frameworks */,
			);
			runOnlyForDeploymentPostprocessing = 0;
		};
		13B07F8C1A680F5B00A75B9A /* Frameworks */ = {
			isa = PBXFrameworksBuildPhase;
			buildActionMask = 2147483647;
			files = (
				0C80B921A6F3F58F76C31292 /* libPods-CalmSerenity.a in Frameworks */,
			);
			runOnlyForDeploymentPostprocessing = 0;
		};
/* End PBXFrameworksBuildPhase section */

/* Begin PBXGroup section */
		00E356EF1AD99517003FC87E /* CalmSerenityTests */ = {
			isa = PBXGroup;
			children = (
				00E356F21AD99517003FC87E /* CalmSerenityTests.m */,
				00E356F01AD99517003FC87E /* Supporting Files */,
			);
			path = CalmSerenityTests;
			sourceTree = "<group>";
		};
		00E356F01AD99517003FC87E /* Supporting Files */ = {
			isa = PBXGroup;
			children = (
				00E356F11AD99517003FC87E /* Info.plist */,
			);
			name = "Supporting Files";
			sourceTree = "<group>";
		};
		13B07FAE1A68108700A75B9A /* CalmSerenity */ = {
			isa = PBXGroup;
			children = (
				13B07FAF1A68108700A75B9A /* AppDelegate.h */,
				13B07FB01A68108700A75B9A /* AppDelegate.mm */,
				13B07FB51A68108700A75B9A /* Images.xcassets */,
				13B07FB61A68108700A75B9A /* Info.plist */,
				81AB9BB72411601600AC10FF /* LaunchScreen.storyboard */,
				13B07FB71A68108700A75B9A /* main.m */,
				13B07FB81A68108700A75B9A /* PrivacyInfo.xcprivacy */,
				1BA905B94A51CD1EB07E64BE /* PrivacyInfo.xcprivacy */,
			);
			name = CalmSerenity;
			sourceTree = "<group>";
		};
		2D16E6871FA4F8E400B85C8A /* Frameworks */ = {
			isa = PBXGroup;
			children = (
				ED297162215061F000B7C4FE /* JavaScriptCore.framework */,
				5DCACB8F33CDC322A6C60F78 /* libPods-CalmSerenity.a */,
				19F6CBCC0A4E27FBF8BF4A61 /* libPods-CalmSerenity-CalmSerenityTests.a */,
			);
			name = Frameworks;
			sourceTree = "<group>";
		};
		832341AE1AAA6A7D00B99B32 /* Libraries */ = {
			isa = PBXGroup;
			children = (
			);
			name = Libraries;
			sourceTree = "<group>";
		};
		83CBB9F61A601CBA00E9B192 = {
			isa = PBXGroup;
			children = (
				13B07FAE1A68108700A75B9A /* CalmSerenity */,
				832341AE1AAA6A7D00B99B32 /* Libraries */,
				00E356EF1AD99517003FC87E /* CalmSerenityTests */,
				83CBBA001A601CBA00E9B192 /* Products */,
				2D16E6871FA4F8E400B85C8A /* Frameworks */,
				BBD78D7AC51CEA395F1C20DB /* Pods */,
				D564A39610D3485F8EFBA4AA /* Resources */,
			);
			indentWidth = 2;
			sourceTree = "<group>";
			tabWidth = 2;
			usesTabs = 0;
		};
		83CBBA001A601CBA00E9B192 /* Products */ = {
			isa = PBXGroup;
			children = (
				13B07F961A680F5B00A75B9A /* CalmSerenity.app */,
				00E356EE1AD99517003FC87E /* CalmSerenityTests.xctest */,
			);
			name = Products;
			sourceTree = "<group>";
		};
		BBD78D7AC51CEA395F1C20DB /* Pods */ = {
			isa = PBXGroup;
			children = (
				3B4392A12AC88292D35C810B /* Pods-CalmSerenity.debug.xcconfig */,
				5709B34CF0A7D63546082F79 /* Pods-CalmSerenity.release.xcconfig */,
				5B7EB9410499542E8C5724F5 /* Pods-CalmSerenity-CalmSerenityTests.debug.xcconfig */,
				89C6BE57DB24E9ADA2F236DE /* Pods-CalmSerenity-CalmSerenityTests.release.xcconfig */,
			);
			path = Pods;
			sourceTree = "<group>";
		};
		D564A39610D3485F8EFBA4AA /* Resources */ = {
			isa = "PBXGroup";
			children = (
				CC05F1A935BA4FF18ABE888B /* AlegreyaSansBlack.ttf */,
				8DAFF9DC2A974A2398B906E8 /* AlegreyaSansBlackItalic.ttf */,
				24D4FD4AD4B74D0B877671A2 /* AlegreyaSansBold.ttf */,
				0B33E4B1A7C64C4199375738 /* AlegreyaSansBoldItalic.ttf */,
				B08BE42B7A824D02A6D8C399 /* AlegreyaSansExtraBold.ttf */,
				6680158EA59046F48EFBD41D /* AlegreyaSansExtraBoldItalic.ttf */,
				7EC46B723DCF499AA12DF429 /* AlegreyaSansItalic.ttf */,
				CEEBAD1EC22B4564AB8E8684 /* AlegreyaSansLight.ttf */,
				3E0DDBB4793B4CC2A3974A90 /* AlegreyaSansLightItalic.ttf */,
				A82995C862F64CC3B1B4BF41 /* AlegreyaSansMedium.ttf */,
				5EFB62518278496894F603EF /* AlegreyaSansMediumItalic.ttf */,
				2D750DEC7E064A1AA03E6F0D /* AlegreyaSansRegular.ttf */,
				E8035AEF47D141DB9FF79D63 /* AlegreyaSansThin.ttf */,
				035EE0EEA4014A619F0564F7 /* AlegreyaSansThinItalic.ttf */,
				77B5FC66CAED49CE8B03234C /* AlegreyaBlack.ttf */,
				8006493C67454E98AC017A8C /* AlegreyaBlackItalic.ttf */,
				689998B0FC5645D19D50AF1B /* AlegreyaBold.ttf */,
				0A760D7D5DFF41DF96B9AF2A /* AlegreyaBoldItalic.ttf */,
				731D3A2227E644319247CCAB /* AlegreyaExtraBold.ttf */,
				9B64401E23ED47628EEF48B3 /* AlegreyaExtraBoldItalic.ttf */,
				5B229BD6EDB84AF199A64FD2 /* AlegreyaItalic.ttf */,
				4FB9A65FAB2C4DEE9BDD8BAE /* AlegreyaMedium.ttf */,
				F5E55A42104545F1BD7174D8 /* AlegreyaMediumItalic.ttf */,
				FD77C0AA4A314FDFA630B88C /* AlegreyaRegular.ttf */,
				438101AD5D2E4D3B9AFAA6F7 /* AlegreyaSemiBold.ttf */,
				6CD00AFD129B4FB2B4C4E0B1 /* AlegreyaSemiBoldItalic.ttf */,
			);
			name = Resources;
			sourceTree = "<group>";
			path = "";
		};
/* End PBXGroup section */

/* Begin PBXNativeTarget section */
		00E356ED1AD99517003FC87E /* CalmSerenityTests */ = {
			isa = PBXNativeTarget;
			buildConfigurationList = 00E357021AD99517003FC87E /* Build configuration list for PBXNativeTarget "CalmSerenityTests" */;
			buildPhases = (
				A55EABD7B0C7F3A422A6CC61 /* [CP] Check Pods Manifest.lock */,
				00E356EA1AD99517003FC87E /* Sources */,
				00E356EB1AD99517003FC87E /* Frameworks */,
				00E356EC1AD99517003FC87E /* Resources */,
				C59DA0FBD6956966B86A3779 /* [CP] Embed Pods Frameworks */,
				F6A41C54EA430FDDC6A6ED99 /* [CP] Copy Pods Resources */,
			);
			buildRules = (
			);
			dependencies = (
				00E356F51AD99517003FC87E /* PBXTargetDependency */,
			);
			name = CalmSerenityTests;
			productName = CalmSerenityTests;
			productReference = 00E356EE1AD99517003FC87E /* CalmSerenityTests.xctest */;
			productType = "com.apple.product-type.bundle.unit-test";
		};
		13B07F861A680F5B00A75B9A /* CalmSerenity */ = {
			isa = PBXNativeTarget;
			buildConfigurationList = 13B07F931A680F5B00A75B9A /* Build configuration list for PBXNativeTarget "CalmSerenity" */;
			buildPhases = (
				C38B50BA6285516D6DCD4F65 /* [CP] Check Pods Manifest.lock */,
				13B07F871A680F5B00A75B9A /* Sources */,
				13B07F8C1A680F5B00A75B9A /* Frameworks */,
				13B07F8E1A680F5B00A75B9A /* Resources */,
				00DD1BFF1BD5951E006B06BC /* Bundle React Native code and images */,
				00EEFC60759A1932668264C0 /* [CP] Embed Pods Frameworks */,
				E235C05ADACE081382539298 /* [CP] Copy Pods Resources */,
			);
			buildRules = (
			);
			dependencies = (
			);
			name = CalmSerenity;
			productName = CalmSerenity;
			productReference = 13B07F961A680F5B00A75B9A /* CalmSerenity.app */;
			productType = "com.apple.product-type.application";
		};
/* End PBXNativeTarget section */

/* Begin PBXProject section */
		83CBB9F71A601CBA00E9B192 /* Project object */ = {
			isa = PBXProject;
			attributes = {
				LastUpgradeCheck = 1210;
				TargetAttributes = {
					00E356ED1AD99517003FC87E = {
						CreatedOnToolsVersion = 6.2;
						TestTargetID = 13B07F861A680F5B00A75B9A;
					};
					13B07F861A680F5B00A75B9A = {
						LastSwiftMigration = 1120;
					};
				};
			};
			buildConfigurationList = 83CBB9FA1A601CBA00E9B192 /* Build configuration list for PBXProject "CalmSerenity" */;
			compatibilityVersion = "Xcode 12.0";
			developmentRegion = en;
			hasScannedForEncodings = 0;
			knownRegions = (
				en,
				Base,
			);
			mainGroup = 83CBB9F61A601CBA00E9B192;
			productRefGroup = 83CBBA001A601CBA00E9B192 /* Products */;
			projectDirPath = "";
			projectRoot = "";
			targets = (
				13B07F861A680F5B00A75B9A /* CalmSerenity */,
				00E356ED1AD99517003FC87E /* CalmSerenityTests */,
			);
		};
/* End PBXProject section */

/* Begin PBXResourcesBuildPhase section */
		00E356EC1AD99517003FC87E /* Resources */ = {
			isa = PBXResourcesBuildPhase;
			buildActionMask = 2147483647;
			files = (
			);
			runOnlyForDeploymentPostprocessing = 0;
		};
		13B07F8E1A680F5B00A75B9A /* Resources */ = {
			isa = PBXResourcesBuildPhase;
			buildActionMask = 2147483647;
			files = (
				81AB9BB82411601600AC10FF /* LaunchScreen.storyboard in Resources */,
				13B07FBF1A68108700A75B9A /* Images.xcassets in Resources */,
				6F1133912277C9BAC06A340B /* PrivacyInfo.xcprivacy in Resources */,
				0F825E1C3D04474AB0AAB285 /* AlegreyaSansBlack.ttf in Resources */,
				E8C535436B044595BD7B3C8B /* AlegreyaSansBlackItalic.ttf in Resources */,
				C2640405B26241BFB6878449 /* AlegreyaSansBold.ttf in Resources */,
				DCEE1CE708A1405EB190E0A2 /* AlegreyaSansBoldItalic.ttf in Resources */,
				C9695D69F2B2453B81E4A1FA /* AlegreyaSansExtraBold.ttf in Resources */,
				D34C512F9D5D430DA90157C3 /* AlegreyaSansExtraBoldItalic.ttf in Resources */,
				A086C2C827424101B6B065E8 /* AlegreyaSansItalic.ttf in Resources */,
				6B14CB6296D74D5BB7185248 /* AlegreyaSansLight.ttf in Resources */,
				A4B0B7DBD23C46A1BF3E2CBE /* AlegreyaSansLightItalic.ttf in Resources */,
				F0CAE6C0583448DD966BD441 /* AlegreyaSansMedium.ttf in Resources */,
				55B4282DD9164FD799E4E632 /* AlegreyaSansMediumItalic.ttf in Resources */,
				B6E2AF04644D45E4B562392A /* AlegreyaSansRegular.ttf in Resources */,
				404F2745903E4DF88F31CD55 /* AlegreyaSansThin.ttf in Resources */,
				102FD0B07EEF411EBDEAA6A5 /* AlegreyaSansThinItalic.ttf in Resources */,
				2E66D4D7C5B7410FB5030AD6 /* AlegreyaBlack.ttf in Resources */,
				C4B9D5700C934B0198A6446C /* AlegreyaBlackItalic.ttf in Resources */,
				5AA92B7D8BEF4FD5B70D7A63 /* AlegreyaBold.ttf in Resources */,
				15E3C0A0AB804B2090075A1B /* AlegreyaBoldItalic.ttf in Resources */,
				EC85FEB62E874C6EB6E36528 /* AlegreyaExtraBold.ttf in Resources */,
				007026A6A1FA481CA4261AA0 /* AlegreyaExtraBoldItalic.ttf in Resources */,
				2E2F91E315EC4A49A3C9F19C /* AlegreyaItalic.ttf in Resources */,
				8202B23B63AC45F38FF47AA9 /* AlegreyaMedium.ttf in Resources */,
				11E484998E60489C811D8040 /* AlegreyaMediumItalic.ttf in Resources */,
				AE3C8C6516E945B18D9C3685 /* AlegreyaRegular.ttf in Resources */,
				1026D7A4E8814303993862F5 /* AlegreyaSemiBold.ttf in Resources */,
				48F59274E51E460BA00828E3 /* AlegreyaSemiBoldItalic.ttf in Resources */,
			);
			runOnlyForDeploymentPostprocessing = 0;
		};
/* End PBXResourcesBuildPhase section */

/* Begin PBXShellScriptBuildPhase section */
		00DD1BFF1BD5951E006B06BC /* Bundle React Native code and images */ = {
			isa = PBXShellScriptBuildPhase;
			buildActionMask = 2147483647;
			files = (
			);
			inputPaths = (
				"$(SRCROOT)/.xcode.env.local",
				"$(SRCROOT)/.xcode.env",
			);
			name = "Bundle React Native code and images";
			outputPaths = (
			);
			runOnlyForDeploymentPostprocessing = 0;
			shellPath = /bin/sh;
			shellScript = "set -e\n\nWITH_ENVIRONMENT=\"$REACT_NATIVE_PATH/scripts/xcode/with-environment.sh\"\nREACT_NATIVE_XCODE=\"$REACT_NATIVE_PATH/scripts/react-native-xcode.sh\"\n\n/bin/sh -c \"$WITH_ENVIRONMENT $REACT_NATIVE_XCODE\"\n";
		};
		00EEFC60759A1932668264C0 /* [CP] Embed Pods Frameworks */ = {
			isa = PBXShellScriptBuildPhase;
			buildActionMask = 2147483647;
			files = (
			);
			inputFileListPaths = (
				"${PODS_ROOT}/Target Support Files/Pods-CalmSerenity/Pods-CalmSerenity-frameworks-${CONFIGURATION}-input-files.xcfilelist",
			);
			name = "[CP] Embed Pods Frameworks";
			outputFileListPaths = (
				"${PODS_ROOT}/Target Support Files/Pods-CalmSerenity/Pods-CalmSerenity-frameworks-${CONFIGURATION}-output-files.xcfilelist",
			);
			runOnlyForDeploymentPostprocessing = 0;
			shellPath = /bin/sh;
			shellScript = "\"${PODS_ROOT}/Target Support Files/Pods-CalmSerenity/Pods-CalmSerenity-frameworks.sh\"\n";
			showEnvVarsInLog = 0;
		};
		A55EABD7B0C7F3A422A6CC61 /* [CP] Check Pods Manifest.lock */ = {
			isa = PBXShellScriptBuildPhase;
			buildActionMask = 2147483647;
			files = (
			);
			inputFileListPaths = (
			);
			inputPaths = (
				"${PODS_PODFILE_DIR_PATH}/Podfile.lock",
				"${PODS_ROOT}/Manifest.lock",
			);
			name = "[CP] Check Pods Manifest.lock";
			outputFileListPaths = (
			);
			outputPaths = (
				"$(DERIVED_FILE_DIR)/Pods-CalmSerenity-CalmSerenityTests-checkManifestLockResult.txt",
			);
			runOnlyForDeploymentPostprocessing = 0;
			shellPath = /bin/sh;
			shellScript = "diff \"${PODS_PODFILE_DIR_PATH}/Podfile.lock\" \"${PODS_ROOT}/Manifest.lock\" > /dev/null\nif [ $? != 0 ] ; then\n    # print error to STDERR\n    echo \"error: The sandbox is not in sync with the Podfile.lock. Run 'pod install' or update your CocoaPods installation.\" >&2\n    exit 1\nfi\n# This output is used by Xcode 'outputs' to avoid re-running this script phase.\necho \"SUCCESS\" > \"${SCRIPT_OUTPUT_FILE_0}\"\n";
			showEnvVarsInLog = 0;
		};
		C38B50BA6285516D6DCD4F65 /* [CP] Check Pods Manifest.lock */ = {
			isa = PBXShellScriptBuildPhase;
			buildActionMask = 2147483647;
			files = (
			);
			inputFileListPaths = (
			);
			inputPaths = (
				"${PODS_PODFILE_DIR_PATH}/Podfile.lock",
				"${PODS_ROOT}/Manifest.lock",
			);
			name = "[CP] Check Pods Manifest.lock";
			outputFileListPaths = (
			);
			outputPaths = (
				"$(DERIVED_FILE_DIR)/Pods-CalmSerenity-checkManifestLockResult.txt",
			);
			runOnlyForDeploymentPostprocessing = 0;
			shellPath = /bin/sh;
			shellScript = "diff \"${PODS_PODFILE_DIR_PATH}/Podfile.lock\" \"${PODS_ROOT}/Manifest.lock\" > /dev/null\nif [ $? != 0 ] ; then\n    # print error to STDERR\n    echo \"error: The sandbox is not in sync with the Podfile.lock. Run 'pod install' or update your CocoaPods installation.\" >&2\n    exit 1\nfi\n# This output is used by Xcode 'outputs' to avoid re-running this script phase.\necho \"SUCCESS\" > \"${SCRIPT_OUTPUT_FILE_0}\"\n";
			showEnvVarsInLog = 0;
		};
		C59DA0FBD6956966B86A3779 /* [CP] Embed Pods Frameworks */ = {
			isa = PBXShellScriptBuildPhase;
			buildActionMask = 2147483647;
			files = (
			);
			inputFileListPaths = (
				"${PODS_ROOT}/Target Support Files/Pods-CalmSerenity-CalmSerenityTests/Pods-CalmSerenity-CalmSerenityTests-frameworks-${CONFIGURATION}-input-files.xcfilelist",
			);
			name = "[CP] Embed Pods Frameworks";
			outputFileListPaths = (
				"${PODS_ROOT}/Target Support Files/Pods-CalmSerenity-CalmSerenityTests/Pods-CalmSerenity-CalmSerenityTests-frameworks-${CONFIGURATION}-output-files.xcfilelist",
			);
			runOnlyForDeploymentPostprocessing = 0;
			shellPath = /bin/sh;
			shellScript = "\"${PODS_ROOT}/Target Support Files/Pods-CalmSerenity-CalmSerenityTests/Pods-CalmSerenity-CalmSerenityTests-frameworks.sh\"\n";
			showEnvVarsInLog = 0;
		};
		E235C05ADACE081382539298 /* [CP] Copy Pods Resources */ = {
			isa = PBXShellScriptBuildPhase;
			buildActionMask = 2147483647;
			files = (
			);
			inputFileListPaths = (
				"${PODS_ROOT}/Target Support Files/Pods-CalmSerenity/Pods-CalmSerenity-resources-${CONFIGURATION}-input-files.xcfilelist",
			);
			name = "[CP] Copy Pods Resources";
			outputFileListPaths = (
				"${PODS_ROOT}/Target Support Files/Pods-CalmSerenity/Pods-CalmSerenity-resources-${CONFIGURATION}-output-files.xcfilelist",
			);
			runOnlyForDeploymentPostprocessing = 0;
			shellPath = /bin/sh;
			shellScript = "\"${PODS_ROOT}/Target Support Files/Pods-CalmSerenity/Pods-CalmSerenity-resources.sh\"\n";
			showEnvVarsInLog = 0;
		};
		F6A41C54EA430FDDC6A6ED99 /* [CP] Copy Pods Resources */ = {
			isa = PBXShellScriptBuildPhase;
			buildActionMask = 2147483647;
			files = (
			);
			inputFileListPaths = (
				"${PODS_ROOT}/Target Support Files/Pods-CalmSerenity-CalmSerenityTests/Pods-CalmSerenity-CalmSerenityTests-resources-${CONFIGURATION}-input-files.xcfilelist",
			);
			name = "[CP] Copy Pods Resources";
			outputFileListPaths = (
				"${PODS_ROOT}/Target Support Files/Pods-CalmSerenity-CalmSerenityTests/Pods-CalmSerenity-CalmSerenityTests-resources-${CONFIGURATION}-output-files.xcfilelist",
			);
			runOnlyForDeploymentPostprocessing = 0;
			shellPath = /bin/sh;
			shellScript = "\"${PODS_ROOT}/Target Support Files/Pods-CalmSerenity-CalmSerenityTests/Pods-CalmSerenity-CalmSerenityTests-resources.sh\"\n";
			showEnvVarsInLog = 0;
		};
/* End PBXShellScriptBuildPhase section */

/* Begin PBXSourcesBuildPhase section */
		00E356EA1AD99517003FC87E /* Sources */ = {
			isa = PBXSourcesBuildPhase;
			buildActionMask = 2147483647;
			files = (
				00E356F31AD99517003FC87E /* CalmSerenityTests.m in Sources */,
			);
			runOnlyForDeploymentPostprocessing = 0;
		};
		13B07F871A680F5B00A75B9A /* Sources */ = {
			isa = PBXSourcesBuildPhase;
			buildActionMask = 2147483647;
			files = (
				13B07FBC1A68108700A75B9A /* AppDelegate.mm in Sources */,
				13B07FC11A68108700A75B9A /* main.m in Sources */,
			);
			runOnlyForDeploymentPostprocessing = 0;
		};
/* End PBXSourcesBuildPhase section */

/* Begin PBXTargetDependency section */
		00E356F51AD99517003FC87E /* PBXTargetDependency */ = {
			isa = PBXTargetDependency;
			target = 13B07F861A680F5B00A75B9A /* CalmSerenity */;
			targetProxy = 00E356F41AD99517003FC87E /* PBXContainerItemProxy */;
		};
/* End PBXTargetDependency section */

/* Begin XCBuildConfiguration section */
		00E356F61AD99517003FC87E /* Debug */ = {
			isa = XCBuildConfiguration;
			baseConfigurationReference = 5B7EB9410499542E8C5724F5 /* Pods-CalmSerenity-CalmSerenityTests.debug.xcconfig */;
			buildSettings = {
				BUNDLE_LOADER = "$(TEST_HOST)";
				GCC_PREPROCESSOR_DEFINITIONS = (
					"DEBUG=1",
					"$(inherited)",
				);
				INFOPLIST_FILE = CalmSerenityTests/Info.plist;
				IPHONEOS_DEPLOYMENT_TARGET = 13.4;
				LD_RUNPATH_SEARCH_PATHS = (
					"$(inherited)",
					"@executable_path/Frameworks",
					"@loader_path/Frameworks",
				);
				OTHER_LDFLAGS = (
					"-ObjC",
					"-lc++",
					"$(inherited)",
				);
				PRODUCT_BUNDLE_IDENTIFIER = "org.reactjs.native.example.$(PRODUCT_NAME:rfc1034identifier)";
				PRODUCT_NAME = "$(TARGET_NAME)";
				TEST_HOST = "$(BUILT_PRODUCTS_DIR)/CalmSerenity.app/CalmSerenity";
			};
			name = Debug;
		};
		00E356F71AD99517003FC87E /* Release */ = {
			isa = XCBuildConfiguration;
			baseConfigurationReference = 89C6BE57DB24E9ADA2F236DE /* Pods-CalmSerenity-CalmSerenityTests.release.xcconfig */;
			buildSettings = {
				BUNDLE_LOADER = "$(TEST_HOST)";
				COPY_PHASE_STRIP = NO;
				INFOPLIST_FILE = CalmSerenityTests/Info.plist;
				IPHONEOS_DEPLOYMENT_TARGET = 13.4;
				LD_RUNPATH_SEARCH_PATHS = (
					"$(inherited)",
					"@executable_path/Frameworks",
					"@loader_path/Frameworks",
				);
				OTHER_LDFLAGS = (
					"-ObjC",
					"-lc++",
					"$(inherited)",
				);
				PRODUCT_BUNDLE_IDENTIFIER = "org.reactjs.native.example.$(PRODUCT_NAME:rfc1034identifier)";
				PRODUCT_NAME = "$(TARGET_NAME)";
				TEST_HOST = "$(BUILT_PRODUCTS_DIR)/CalmSerenity.app/CalmSerenity";
			};
			name = Release;
		};
		13B07F941A680F5B00A75B9A /* Debug */ = {
			isa = XCBuildConfiguration;
			baseConfigurationReference = 3B4392A12AC88292D35C810B /* Pods-CalmSerenity.debug.xcconfig */;
			buildSettings = {
				ASSETCATALOG_COMPILER_APPICON_NAME = AppIcon;
				CLANG_ENABLE_MODULES = YES;
				CURRENT_PROJECT_VERSION = 1;
				ENABLE_BITCODE = NO;
				INFOPLIST_FILE = CalmSerenity/Info.plist;
				LD_RUNPATH_SEARCH_PATHS = (
					"$(inherited)",
					"@executable_path/Frameworks",
				);
				MARKETING_VERSION = 1.0;
				OTHER_LDFLAGS = (
					"$(inherited)",
					"-ObjC",
					"-lc++",
				);
				PRODUCT_BUNDLE_IDENTIFIER = "org.reactjs.native.example.$(PRODUCT_NAME:rfc1034identifier)";
				PRODUCT_NAME = CalmSerenity;
				SWIFT_OPTIMIZATION_LEVEL = "-Onone";
				SWIFT_VERSION = 5.0;
				VERSIONING_SYSTEM = "apple-generic";
			};
			name = Debug;
		};
		13B07F951A680F5B00A75B9A /* Release */ = {
			isa = XCBuildConfiguration;
			baseConfigurationReference = 5709B34CF0A7D63546082F79 /* Pods-CalmSerenity.release.xcconfig */;
			buildSettings = {
				ASSETCATALOG_COMPILER_APPICON_NAME = AppIcon;
				CLANG_ENABLE_MODULES = YES;
				CURRENT_PROJECT_VERSION = 1;
				INFOPLIST_FILE = CalmSerenity/Info.plist;
				LD_RUNPATH_SEARCH_PATHS = (
					"$(inherited)",
					"@executable_path/Frameworks",
				);
				MARKETING_VERSION = 1.0;
				OTHER_LDFLAGS = (
					"$(inherited)",
					"-ObjC",
					"-lc++",
				);
				PRODUCT_BUNDLE_IDENTIFIER = "org.reactjs.native.example.$(PRODUCT_NAME:rfc1034identifier)";
				PRODUCT_NAME = CalmSerenity;
				SWIFT_VERSION = 5.0;
				VERSIONING_SYSTEM = "apple-generic";
			};
			name = Release;
		};
		83CBBA201A601CBA00E9B192 /* Debug */ = {
			isa = XCBuildConfiguration;
			buildSettings = {
				ALWAYS_SEARCH_USER_PATHS = NO;
				CC = "";
				CLANG_ANALYZER_LOCALIZABILITY_NONLOCALIZED = YES;
				CLANG_CXX_LANGUAGE_STANDARD = "c++20";
				CLANG_CXX_LIBRARY = "libc++";
				CLANG_ENABLE_MODULES = YES;
				CLANG_ENABLE_OBJC_ARC = YES;
				CLANG_WARN_BLOCK_CAPTURE_AUTORELEASING = YES;
				CLANG_WARN_BOOL_CONVERSION = YES;
				CLANG_WARN_COMMA = YES;
				CLANG_WARN_CONSTANT_CONVERSION = YES;
				CLANG_WARN_DEPRECATED_OBJC_IMPLEMENTATIONS = YES;
				CLANG_WARN_DIRECT_OBJC_ISA_USAGE = YES_ERROR;
				CLANG_WARN_EMPTY_BODY = YES;
				CLANG_WARN_ENUM_CONVERSION = YES;
				CLANG_WARN_INFINITE_RECURSION = YES;
				CLANG_WARN_INT_CONVERSION = YES;
				CLANG_WARN_NON_LITERAL_NULL_CONVERSION = YES;
				CLANG_WARN_OBJC_IMPLICIT_RETAIN_SELF = YES;
				CLANG_WARN_OBJC_LITERAL_CONVERSION = YES;
				CLANG_WARN_OBJC_ROOT_CLASS = YES_ERROR;
				CLANG_WARN_QUOTED_INCLUDE_IN_FRAMEWORK_HEADER = YES;
				CLANG_WARN_RANGE_LOOP_ANALYSIS = YES;
				CLANG_WARN_STRICT_PROTOTYPES = YES;
				CLANG_WARN_SUSPICIOUS_MOVE = YES;
				CLANG_WARN_UNREACHABLE_CODE = YES;
				CLANG_WARN__DUPLICATE_METHOD_MATCH = YES;
				"CODE_SIGN_IDENTITY[sdk=iphoneos*]" = "iPhone Developer";
				COPY_PHASE_STRIP = NO;
				CXX = "";
				ENABLE_STRICT_OBJC_MSGSEND = YES;
				ENABLE_TESTABILITY = YES;
				"EXCLUDED_ARCHS[sdk=iphonesimulator*]" = "";
				GCC_C_LANGUAGE_STANDARD = gnu99;
				GCC_DYNAMIC_NO_PIC = NO;
				GCC_NO_COMMON_BLOCKS = YES;
				GCC_OPTIMIZATION_LEVEL = 0;
				GCC_PREPROCESSOR_DEFINITIONS = (
					"DEBUG=1",
					"$(inherited)",
				);
				GCC_SYMBOLS_PRIVATE_EXTERN = NO;
				GCC_WARN_64_TO_32_BIT_CONVERSION = YES;
				GCC_WARN_ABOUT_RETURN_TYPE = YES_ERROR;
				GCC_WARN_UNDECLARED_SELECTOR = YES;
				GCC_WARN_UNINITIALIZED_AUTOS = YES_AGGRESSIVE;
				GCC_WARN_UNUSED_FUNCTION = YES;
				GCC_WARN_UNUSED_VARIABLE = YES;
				IPHONEOS_DEPLOYMENT_TARGET = 13.4;
				LD = "";
				LDPLUSPLUS = "";
				LD_RUNPATH_SEARCH_PATHS = (
					/usr/lib/swift,
					"$(inherited)",
				);
				LIBRARY_SEARCH_PATHS = (
					"\"$(SDKROOT)/usr/lib/swift\"",
					"\"$(TOOLCHAIN_DIR)/usr/lib/swift/$(PLATFORM_NAME)\"",
					"\"$(inherited)\"",
				);
				MTL_ENABLE_DEBUG_INFO = YES;
				ONLY_ACTIVE_ARCH = YES;
				OTHER_CPLUSPLUSFLAGS = (
					"$(OTHER_CFLAGS)",
					"-DFOLLY_NO_CONFIG",
					"-DFOLLY_MOBILE=1",
					"-DFOLLY_USE_LIBCPP=1",
					"-DFOLLY_CFG_NO_COROUTINES=1",
					"-DFOLLY_HAVE_CLOCK_GETTIME=1",
				);
				OTHER_LDFLAGS = (
					"$(inherited)",
					" ",
				);
				REACT_NATIVE_PATH = "${PODS_ROOT}/../../node_modules/react-native";
				SDKROOT = iphoneos;
				SWIFT_ACTIVE_COMPILATION_CONDITIONS = "$(inherited) DEBUG";
				USE_HERMES = true;
			};
			name = Debug;
		};
		83CBBA211A601CBA00E9B192 /* Release */ = {
			isa = XCBuildConfiguration;
			buildSettings = {
				ALWAYS_SEARCH_USER_PATHS = NO;
				CC = "";
				CLANG_ANALYZER_LOCALIZABILITY_NONLOCALIZED = YES;
				CLANG_CXX_LANGUAGE_STANDARD = "c++20";
				CLANG_CXX_LIBRARY = "libc++";
				CLANG_ENABLE_MODULES = YES;
				CLANG_ENABLE_OBJC_ARC = YES;
				CLANG_WARN_BLOCK_CAPTURE_AUTORELEASING = YES;
				CLANG_WARN_BOOL_CONVERSION = YES;
				CLANG_WARN_COMMA = YES;
				CLANG_WARN_CONSTANT_CONVERSION = YES;
				CLANG_WARN_DEPRECATED_OBJC_IMPLEMENTATIONS = YES;
				CLANG_WARN_DIRECT_OBJC_ISA_USAGE = YES_ERROR;
				CLANG_WARN_EMPTY_BODY = YES;
				CLANG_WARN_ENUM_CONVERSION = YES;
				CLANG_WARN_INFINITE_RECURSION = YES;
				CLANG_WARN_INT_CONVERSION = YES;
				CLANG_WARN_NON_LITERAL_NULL_CONVERSION = YES;
				CLANG_WARN_OBJC_IMPLICIT_RETAIN_SELF = YES;
				CLANG_WARN_OBJC_LITERAL_CONVERSION = YES;
				CLANG_WARN_OBJC_ROOT_CLASS = YES_ERROR;
				CLANG_WARN_QUOTED_INCLUDE_IN_FRAMEWORK_HEADER = YES;
				CLANG_WARN_RANGE_LOOP_ANALYSIS = YES;
				CLANG_WARN_STRICT_PROTOTYPES = YES;
				CLANG_WARN_SUSPICIOUS_MOVE = YES;
				CLANG_WARN_UNREACHABLE_CODE = YES;
				CLANG_WARN__DUPLICATE_METHOD_MATCH = YES;
				"CODE_SIGN_IDENTITY[sdk=iphoneos*]" = "iPhone Developer";
				COPY_PHASE_STRIP = YES;
				CXX = "";
				ENABLE_NS_ASSERTIONS = NO;
				ENABLE_STRICT_OBJC_MSGSEND = YES;
				"EXCLUDED_ARCHS[sdk=iphonesimulator*]" = "";
				GCC_C_LANGUAGE_STANDARD = gnu99;
				GCC_NO_COMMON_BLOCKS = YES;
				GCC_WARN_64_TO_32_BIT_CONVERSION = YES;
				GCC_WARN_ABOUT_RETURN_TYPE = YES_ERROR;
				GCC_WARN_UNDECLARED_SELECTOR = YES;
				GCC_WARN_UNINITIALIZED_AUTOS = YES_AGGRESSIVE;
				GCC_WARN_UNUSED_FUNCTION = YES;
				GCC_WARN_UNUSED_VARIABLE = YES;
				IPHONEOS_DEPLOYMENT_TARGET = 13.4;
				LD = "";
				LDPLUSPLUS = "";
				LD_RUNPATH_SEARCH_PATHS = (
					/usr/lib/swift,
					"$(inherited)",
				);
				LIBRARY_SEARCH_PATHS = (
					"\"$(SDKROOT)/usr/lib/swift\"",
					"\"$(TOOLCHAIN_DIR)/usr/lib/swift/$(PLATFORM_NAME)\"",
					"\"$(inherited)\"",
				);
				MTL_ENABLE_DEBUG_INFO = NO;
				OTHER_CPLUSPLUSFLAGS = (
					"$(OTHER_CFLAGS)",
					"-DFOLLY_NO_CONFIG",
					"-DFOLLY_MOBILE=1",
					"-DFOLLY_USE_LIBCPP=1",
					"-DFOLLY_CFG_NO_COROUTINES=1",
					"-DFOLLY_HAVE_CLOCK_GETTIME=1",
				);
				OTHER_LDFLAGS = (
					"$(inherited)",
					" ",
				);
				REACT_NATIVE_PATH = "${PODS_ROOT}/../../node_modules/react-native";
				SDKROOT = iphoneos;
				USE_HERMES = true;
				VALIDATE_PRODUCT = YES;
			};
			name = Release;
		};
/* End XCBuildConfiguration section */

/* Begin XCConfigurationList section */
		00E357021AD99517003FC87E /* Build configuration list for PBXNativeTarget "CalmSerenityTests" */ = {
			isa = XCConfigurationList;
			buildConfigurations = (
				00E356F61AD99517003FC87E /* Debug */,
				00E356F71AD99517003FC87E /* Release */,
			);
			defaultConfigurationIsVisible = 0;
			defaultConfigurationName = Release;
		};
		13B07F931A680F5B00A75B9A /* Build configuration list for PBXNativeTarget "CalmSerenity" */ = {
			isa = XCConfigurationList;
			buildConfigurations = (
				13B07F941A680F5B00A75B9A /* Debug */,
				13B07F951A680F5B00A75B9A /* Release */,
			);
			defaultConfigurationIsVisible = 0;
			defaultConfigurationName = Release;
		};
		83CBB9FA1A601CBA00E9B192 /* Build configuration list for PBXProject "CalmSerenity" */ = {
			isa = XCConfigurationList;
			buildConfigurations = (
				83CBBA201A601CBA00E9B192 /* Debug */,
				83CBBA211A601CBA00E9B192 /* Release */,
			);
			defaultConfigurationIsVisible = 0;
			defaultConfigurationName = Release;
		};
/* End XCConfigurationList section */
	};
	rootObject = 83CBB9F71A601CBA00E9B192 /* Project object */;
}
